
Microsoft Visual Studio Solution File, Format Version 12.00
# Visual Studio Version 16
VisualStudioVersion = 16.0.30711.63
MinimumVisualStudioVersion = 10.0.40219.1
Project("{FAE04EC0-301F-11D3-BF4B-00C04F79EFBC}") = "ConsoleApp", "ConsoleApp\ConsoleApp.csproj", "{ACEDACE5-C6BC-46E2-8DDE-B0B613D511AE}"
EndProject
Global
	GlobalSection(SolutionConfigurationPlatforms) = preSolution
		Debug|Any CPU = Debug|Any CPU
		Release|Any CPU = Release|Any CPU
	EndGlobalSection
	GlobalSection(ProjectConfigurationPlatforms) = postSolution
		{ACEDACE5-C6BC-46E2-8DDE-B0B613D511AE}.Debug|Any CPU.ActiveCfg = Debug|Any CPU
		{ACEDACE5-C6BC-46E2-8DDE-B0B613D511AE}.Debug|Any CPU.Build.0 = Debug|Any CPU
		{ACEDACE5-C6BC-46E2-8DDE-B0B613D511AE}.Release|Any CPU.ActiveCfg = Release|Any CPU
		{ACEDACE5-C6BC-46E2-8DDE-B0B613D511AE}.Release|Any CPU.Build.0 = Release|Any CPU
	EndGlobalSection
	GlobalSection(SolutionProperties) = preSolution
		HideSolutionNode = FALSE
	EndGlobalSection
	GlobalSection(ExtensibilityGlobals) = postSolution
		SolutionGuid = {04EF9AA1-2D35-4D39-8EEA-B55EE368E5B0}
	EndGlobalSection
EndGlobal
